
Microsoft Visual Studio Solution File, Format Version 12.00
# Visual Studio 15
VisualStudioVersion = 15.0.26206.0
MinimumVisualStudioVersion = 10.0.40219.1
Project("{8BC9CEB8-8B4A-11D0-8D11-00A0C91BC942}") = "CLTool", "CLTool.vcxproj", "{F2B29FD9-C54E-4E14-A253-3F8EDE3F542E}"
EndProject
Project("{8BC9CEB8-8B4A-11D0-8D11-00A0C91BC942}") = "InertialSenseLib", "..\..\VS_project\InertialSenseLib.vcxproj", "{B6DF5042-23C7-42D9-976B-D313E6EA092C}"
EndProject
Global
	GlobalSection(SolutionConfigurationPlatforms) = preSolution
		Debug|Win32 = Debug|Win32
		Debug|x64 = Debug|x64
		Release|Win32 = Release|Win32
		Release|x64 = Release|x64
	EndGlobalSection
	GlobalSection(ProjectConfigurationPlatforms) = postSolution
		{F2B29FD9-C54E-4E14-A253-3F8EDE3F542E}.Debug|Win32.ActiveCfg = Debug|Win32
		{F2B29FD9-C54E-4E14-A253-3F8EDE3F542E}.Debug|Win32.Build.0 = Debug|Win32
		{F2B29FD9-C54E-4E14-A253-3F8EDE3F542E}.Debug|x64.ActiveCfg = Debug|x64
		{F2B29FD9-C54E-4E14-A253-3F8EDE3F542E}.Debug|x64.Build.0 = Debug|x64
		{F2B29FD9-C54E-4E14-A253-3F8EDE3F542E}.Release|Win32.ActiveCfg = Release|Win32
		{F2B29FD9-C54E-4E14-A253-3F8EDE3F542E}.Release|Win32.Build.0 = Release|Win32
		{F2B29FD9-C54E-4E14-A253-3F8EDE3F542E}.Release|x64.ActiveCfg = Release|x64
		{F2B29FD9-C54E-4E14-A253-3F8EDE3F542E}.Release|x64.Build.0 = Release|x64
		{B6DF5042-23C7-42D9-976B-D313E6EA092C}.Debug|Win32.ActiveCfg = Debug|Win32
		{B6DF5042-23C7-42D9-976B-D313E6EA092C}.Debug|Win32.Build.0 = Debug|Win32
		{B6DF5042-23C7-42D9-976B-D313E6EA092C}.Debug|x64.ActiveCfg = Debug|x64
		{B6DF5042-23C7-42D9-976B-D313E6EA092C}.Debug|x64.Build.0 = Debug|x64
		{B6DF5042-23C7-42D9-976B-D313E6EA092C}.Release|Win32.ActiveCfg = Release|Win32
		{B6DF5042-23C7-42D9-976B-D313E6EA092C}.Release|Win32.Build.0 = Release|Win32
		{B6DF5042-23C7-42D9-976B-D313E6EA092C}.Release|x64.ActiveCfg = Release|x64
		{B6DF5042-23C7-42D9-976B-D313E6EA092C}.Release|x64.Build.0 = Release|x64
	EndGlobalSection
	GlobalSection(SolutionProperties) = preSolution
		HideSolutionNode = FALSE
	EndGlobalSection
EndGlobal
