<?xml version="1.0" encoding="utf-8"?>
<Project ToolsVersion="4.0" xmlns="http://schemas.microsoft.com/developer/msbuild/2003">
  <ItemGroup>
    <Filter Include="Source Files">
      <UniqueIdentifier>{4FC737F1-C7A5-4376-A066-2A32D752A2FF}</UniqueIdentifier>
      <Extensions>cpp;c;cc;cxx;def;odl;idl;hpj;bat;asm;asmx</Extensions>
    </Filter>
    <Filter Include="Source Files\SDK">
      <UniqueIdentifier>{56768eea-52d0-41b1-adf8-fd88e4eba0be}</UniqueIdentifier>
    </Filter>
  </ItemGroup>
  <ItemGroup>
    <ClCompile Include="..\..\..\src\data_sets.c">
      <Filter>Source Files\SDK</Filter>
    </ClCompile>
    <ClCompile Include="..\..\..\src\ISComm.c">
      <Filter>Source Files\SDK</Filter>
    </ClCompile>
    <ClCompile Include="..\..\..\src\serialPort.c">
      <Filter>Source Files\SDK</Filter>
    </ClCompile>
    <ClCompile Include="..\..\..\src\serialPortPlatform.c">
      <Filter>Source Files\SDK</Filter>
    </ClCompile>
    <ClCompile Include="..\..\..\src\inertialSenseBootLoader.c">
      <Filter>Source Files\SDK</Filter>
    </ClCompile>
    <ClCompile Include="..\ISBootloaderExample.c">
      <Filter>Source Files</Filter>
    </ClCompile>
  </ItemGroup>
  <ItemGroup>
    <ClInclude Include="..\..\..\src\data_sets.h">
      <Filter>Source Files\SDK</Filter>
    </ClInclude>
    <ClInclude Include="..\..\..\src\ISComm.h">
      <Filter>Source Files\SDK</Filter>
    </ClInclude>
    <ClInclude Include="..\..\..\src\serialPort.h">
      <Filter>Source Files\SDK</Filter>
    </ClInclude>
    <ClInclude Include="..\..\..\src\serialPortPlatform.h">
      <Filter>Source Files\SDK</Filter>
    </ClInclude>
    <ClInclude Include="..\..\..\src\inertialSenseBootLoader.h">
      <Filter>Source Files\SDK</Filter>
    </ClInclude>
  </ItemGroup>
</Project>