<?xml version="1.0" encoding="utf-8"?>
<Project ToolsVersion="4.0" xmlns="http://schemas.microsoft.com/developer/msbuild/2003">
  <ItemGroup>
    <ClCompile Include="..\..\..\src\data_sets.c">
      <Filter>SDK</Filter>
    </ClCompile>
    <ClCompile Include="..\..\..\src\ISComm.c">
      <Filter>SDK</Filter>
    </ClCompile>
    <ClCompile Include="..\..\..\src\serialPort.c">
      <Filter>SDK</Filter>
    </ClCompile>
    <ClCompile Include="..\..\..\src\serialPortPlatform.c">
      <Filter>SDK</Filter>
    </ClCompile>
    <ClCompile Include="..\ISAsciiExample.c" />
  </ItemGroup>
  <ItemGroup>
    <ClInclude Include="..\..\..\src\data_sets.h">
      <Filter>SDK</Filter>
    </ClInclude>
    <ClInclude Include="..\..\..\src\ISComm.h">
      <Filter>SDK</Filter>
    </ClInclude>
    <ClInclude Include="..\..\..\src\serialPort.h">
      <Filter>SDK</Filter>
    </ClInclude>
    <ClInclude Include="..\..\..\src\serialPortPlatform.h">
      <Filter>SDK</Filter>
    </ClInclude>
    <ClInclude Include="..\..\..\src\ISConstants.h">
      <Filter>SDK</Filter>
    </ClInclude>
  </ItemGroup>
  <ItemGroup>
    <Filter Include="SDK">
      <UniqueIdentifier>{eb715a85-f505-47f7-9c4d-aa6d5fbede2c}</UniqueIdentifier>
    </Filter>
  </ItemGroup>
</Project>