<?xml version="1.0" encoding="utf-8"?>
<Project ToolsVersion="4.0" xmlns="http://schemas.microsoft.com/developer/msbuild/2003">
  <ItemGroup>
    <Filter Include="Source Files">
      <UniqueIdentifier>{4FC737F1-C7A5-4376-A066-2A32D752A2FF}</UniqueIdentifier>
      <Extensions>cpp;c;cc;cxx;def;odl;idl;hpj;bat;asm;asmx</Extensions>
    </Filter>
  </ItemGroup>
  <ItemGroup>
    <ClCompile Include="..\src\com_manager.c">
      <Filter>Source Files</Filter>
    </ClCompile>
    <ClCompile Include="..\src\data_sets.c">
      <Filter>Source Files</Filter>
    </ClCompile>
    <ClCompile Include="..\src\DataChunk.cpp">
      <Filter>Source Files</Filter>
    </ClCompile>
    <ClCompile Include="..\src\DataChunkSorted.cpp">
      <Filter>Source Files</Filter>
    </ClCompile>
    <ClCompile Include="..\src\DataCSV.cpp">
      <Filter>Source Files</Filter>
    </ClCompile>
    <ClCompile Include="..\src\DataKML.cpp">
      <Filter>Source Files</Filter>
    </ClCompile>
    <ClCompile Include="..\src\DeviceLog.cpp">
      <Filter>Source Files</Filter>
    </ClCompile>
    <ClCompile Include="..\src\DeviceLogCSV.cpp">
      <Filter>Source Files</Filter>
    </ClCompile>
    <ClCompile Include="..\src\DeviceLogKML.cpp">
      <Filter>Source Files</Filter>
    </ClCompile>
    <ClCompile Include="..\src\DeviceLogSerial.cpp">
      <Filter>Source Files</Filter>
    </ClCompile>
    <ClCompile Include="..\src\DeviceLogSorted.cpp">
      <Filter>Source Files</Filter>
    </ClCompile>
    <ClCompile Include="..\src\InertialSense.cpp">
      <Filter>Source Files</Filter>
    </ClCompile>
    <ClCompile Include="..\src\inertialSenseBootLoader.c">
      <Filter>Source Files</Filter>
    </ClCompile>
    <ClCompile Include="..\src\ISDataMappings.cpp">
      <Filter>Source Files</Filter>
    </ClCompile>
    <ClCompile Include="..\src\ISDisplay.cpp">
      <Filter>Source Files</Filter>
    </ClCompile>
    <ClCompile Include="..\src\ISLogger.cpp">
      <Filter>Source Files</Filter>
    </ClCompile>
    <ClCompile Include="..\src\ISMatrix.c">
      <Filter>Source Files</Filter>
    </ClCompile>
    <ClCompile Include="..\src\ISPose.c">
      <Filter>Source Files</Filter>
    </ClCompile>
    <ClCompile Include="..\src\ISUtilities.cpp">
      <Filter>Source Files</Filter>
    </ClCompile>
    <ClCompile Include="..\src\linked_list.c">
      <Filter>Source Files</Filter>
    </ClCompile>
    <ClCompile Include="..\src\serialPort.c">
      <Filter>Source Files</Filter>
    </ClCompile>
    <ClCompile Include="..\src\serialPortPlatform.c">
      <Filter>Source Files</Filter>
    </ClCompile>
    <ClCompile Include="..\src\time_conversion.c">
      <Filter>Source Files</Filter>
    </ClCompile>
    <ClCompile Include="..\src\tinystr.cpp">
      <Filter>Source Files</Filter>
    </ClCompile>
    <ClCompile Include="..\src\tinyxml.cpp">
      <Filter>Source Files</Filter>
    </ClCompile>
    <ClCompile Include="..\src\tinyxmlerror.cpp">
      <Filter>Source Files</Filter>
    </ClCompile>
    <ClCompile Include="..\src\tinyxmlparser.cpp">
      <Filter>Source Files</Filter>
    </ClCompile>
    <ClCompile Include="..\src\ISTcpClient.cpp">
      <Filter>Source Files</Filter>
    </ClCompile>
    <ClCompile Include="..\src\ISTcpServer.cpp">
      <Filter>Source Files</Filter>
    </ClCompile>
    <ClCompile Include="..\src\cltool.cpp">
      <Filter>Source Files</Filter>
    </ClCompile>
    <ClCompile Include="..\src\cltool_main.cpp">
      <Filter>Source Files</Filter>
    </ClCompile>
    <ClCompile Include="..\src\ISEarth.c">
      <Filter>Source Files</Filter>
    </ClCompile>
    <ClCompile Include="..\src\ISSerialPort.cpp">
      <Filter>Source Files</Filter>
    </ClCompile>
    <ClCompile Include="..\src\ISStream.cpp">
      <Filter>Source Files</Filter>
    </ClCompile>
    <ClCompile Include="..\src\ISComm.c">
      <Filter>Source Files</Filter>
    </ClCompile>
    <ClCompile Include="..\src\ring_buffer.c">
      <Filter>Source Files</Filter>
    </ClCompile>
    <ClCompile Include="..\src\DataJSON.cpp">
      <Filter>Source Files</Filter>
    </ClCompile>
    <ClCompile Include="..\src\DeviceLogJSON.cpp">
      <Filter>Source Files</Filter>
    </ClCompile>
    <ClCompile Include="..\src\convert_ins.cpp">
      <Filter>Source Files</Filter>
    </ClCompile>
    <ClCompile Include="..\src\ISFileManager.cpp">
      <Filter>Source Files</Filter>
    </ClCompile>
    <ClCompile Include="..\src\ISLogFile.cpp">
      <Filter>Source Files</Filter>
    </ClCompile>
  </ItemGroup>
  <ItemGroup>
    <ClInclude Include="..\src\com_manager.h">
      <Filter>Source Files</Filter>
    </ClInclude>
    <ClInclude Include="..\src\data_sets.h">
      <Filter>Source Files</Filter>
    </ClInclude>
    <ClInclude Include="..\src\DataChunk.h">
      <Filter>Source Files</Filter>
    </ClInclude>
    <ClInclude Include="..\src\DataChunkSorted.h">
      <Filter>Source Files</Filter>
    </ClInclude>
    <ClInclude Include="..\src\DataCSV.h">
      <Filter>Source Files</Filter>
    </ClInclude>
    <ClInclude Include="..\src\DataKML.h">
      <Filter>Source Files</Filter>
    </ClInclude>
    <ClInclude Include="..\src\DeviceLog.h">
      <Filter>Source Files</Filter>
    </ClInclude>
    <ClInclude Include="..\src\DeviceLogCSV.h">
      <Filter>Source Files</Filter>
    </ClInclude>
    <ClInclude Include="..\src\DeviceLogKML.h">
      <Filter>Source Files</Filter>
    </ClInclude>
    <ClInclude Include="..\src\DeviceLogSerial.h">
      <Filter>Source Files</Filter>
    </ClInclude>
    <ClInclude Include="..\src\DeviceLogSorted.h">
      <Filter>Source Files</Filter>
    </ClInclude>
    <ClInclude Include="..\src\InertialSense.h">
      <Filter>Source Files</Filter>
    </ClInclude>
    <ClInclude Include="..\src\inertialSenseBootLoader.h">
      <Filter>Source Files</Filter>
    </ClInclude>
    <ClInclude Include="..\src\InertialSenseSDK.h">
      <Filter>Source Files</Filter>
    </ClInclude>
    <ClInclude Include="..\src\ISConstants.h">
      <Filter>Source Files</Filter>
    </ClInclude>
    <ClInclude Include="..\src\ISDataMappings.h">
      <Filter>Source Files</Filter>
    </ClInclude>
    <ClInclude Include="..\src\ISDisplay.h">
      <Filter>Source Files</Filter>
    </ClInclude>
    <ClInclude Include="..\src\ISLogger.h">
      <Filter>Source Files</Filter>
    </ClInclude>
    <ClInclude Include="..\src\ISMatrix.h">
      <Filter>Source Files</Filter>
    </ClInclude>
    <ClInclude Include="..\src\ISPose.h">
      <Filter>Source Files</Filter>
    </ClInclude>
    <ClInclude Include="..\src\ISUtilities.h">
      <Filter>Source Files</Filter>
    </ClInclude>
    <ClInclude Include="..\src\linked_list.h">
      <Filter>Source Files</Filter>
    </ClInclude>
    <ClInclude Include="..\src\serialPort.h">
      <Filter>Source Files</Filter>
    </ClInclude>
    <ClInclude Include="..\src\serialPortPlatform.h">
      <Filter>Source Files</Filter>
    </ClInclude>
    <ClInclude Include="..\src\time_conversion.h">
      <Filter>Source Files</Filter>
    </ClInclude>
    <ClInclude Include="..\src\tinystr.h">
      <Filter>Source Files</Filter>
    </ClInclude>
    <ClInclude Include="..\src\tinyxml.h">
      <Filter>Source Files</Filter>
    </ClInclude>
    <ClInclude Include="..\src\ISTcpClient.h">
      <Filter>Source Files</Filter>
    </ClInclude>
    <ClInclude Include="..\src\ISTcpServer.h">
      <Filter>Source Files</Filter>
    </ClInclude>
    <ClInclude Include="..\src\cltool.h">
      <Filter>Source Files</Filter>
    </ClInclude>
    <ClInclude Include="..\src\ISEarth.h">
      <Filter>Source Files</Filter>
    </ClInclude>
    <ClInclude Include="..\src\ISSerialPort.h">
      <Filter>Source Files</Filter>
    </ClInclude>
    <ClInclude Include="..\src\ISStream.h">
      <Filter>Source Files</Filter>
    </ClInclude>
    <ClInclude Include="..\src\ISComm.h">
      <Filter>Source Files</Filter>
    </ClInclude>
    <ClInclude Include="..\src\ring_buffer.h">
      <Filter>Source Files</Filter>
    </ClInclude>
    <ClInclude Include="..\src\DataJSON.h">
      <Filter>Source Files</Filter>
    </ClInclude>
    <ClInclude Include="..\src\DeviceLogJSON.h">
      <Filter>Source Files</Filter>
    </ClInclude>
    <ClInclude Include="..\src\convert_ins.h">
      <Filter>Source Files</Filter>
    </ClInclude>
    <ClInclude Include="..\src\ISFileManager.h">
      <Filter>Source Files</Filter>
    </ClInclude>
    <ClInclude Include="..\src\ISLogFile.h">
      <Filter>Source Files</Filter>
    </ClInclude>
    <ClInclude Include="..\src\ISLogFileBase.h">
      <Filter>Source Files</Filter>
    </ClInclude>
    <ClInclude Include="..\src\ISLogFileFactory.h">
      <Filter>Source Files</Filter>
    </ClInclude>
  </ItemGroup>
</Project>